
Microsoft Visual Studio Solution File, Format Version 12.00
# Visual Studio Version 18
VisualStudioVersion = 18.4.11626.88
MinimumVisualStudioVersion = 10.0.40219.1
Project("{FAE04EC0-301F-11D3-BF4B-00C04F79EFBC}") = "SiegeEngine", "SiegeEngine\SiegeEngine.csproj", "{04D9B5EA-54C6-490A-B574-E2B2A0DCEF22}"
EndProject
Project("{FAE04EC0-301F-11D3-BF4B-00C04F79EFBC}") = "CastleBuilder", "IDE\CastleBuilder\CastleBuilder.csproj", "{52B32D74-3966-7A93-2602-B0C62C0242A2}"
EndProject
Project("{FAE04EC0-301F-11D3-BF4B-00C04F79EFBC}") = "Foundation", "Launcher\Foundation\Foundation.csproj", "{0ADD8A81-FE44-A3B8-2FB5-CDD31F8D0625}"
EndProject
Project("{FAE04EC0-301F-11D3-BF4B-00C04F79EFBC}") = "Keystone", "IDE\Keystone\Keystone.csproj", "{682DE8F1-FE58-90F0-1431-A6FAE64179B7}"
EndProject
Project("{FAE04EC0-301F-11D3-BF4B-00C04F79EFBC}") = "MapRoom", "IDE\MapRoom\MapRoom.csproj", "{83EE6FAC-34CB-1303-13A7-CDB8BBF57B01}"
EndProject
Project("{FAE04EC0-301F-11D3-BF4B-00C04F79EFBC}") = "ReadingChamber", "IDE\ReadingChamber\ReadingChamber.csproj", "{A43D8184-AB7D-62E5-7F5C-FFA93985A258}"
EndProject
Project("{FAE04EC0-301F-11D3-BF4B-00C04F79EFBC}") = "ToolChest", "IDE\ToolChest\ToolChest.csproj", "{274DE579-4816-E0D4-0196-60E10E7B1D7B}"
EndProject
Project("{FAE04EC0-301F-11D3-BF4B-00C04F79EFBC}") = "Trebuchet", "Launcher\Trebuchet\Trebuchet.csproj", "{F24B6E8F-CBCC-A122-2914-95293CBB6E64}"
EndProject
Project("{FAE04EC0-301F-11D3-BF4B-00C04F79EFBC}") = "Citadel", "Server\Citadel\Citadel.csproj", "{30DE9659-D0C1-04CB-D107-9F98B95BEA98}"
EndProject
Global
	GlobalSection(SolutionConfigurationPlatforms) = preSolution
		Debug|Any CPU = Debug|Any CPU
		Debug|x64 = Debug|x64
		Debug|x86 = Debug|x86
		publish|Any CPU = publish|Any CPU
		publish|x64 = publish|x64
		publish|x86 = publish|x86
		Release|Any CPU = Release|Any CPU
		Release|x64 = Release|x64
		Release|x86 = Release|x86
	EndGlobalSection
	GlobalSection(ProjectConfigurationPlatforms) = postSolution
		{04D9B5EA-54C6-490A-B574-E2B2A0DCEF22}.Debug|Any CPU.ActiveCfg = Debug|Any CPU
		{04D9B5EA-54C6-490A-B574-E2B2A0DCEF22}.Debug|Any CPU.Build.0 = Debug|Any CPU
		{04D9B5EA-54C6-490A-B574-E2B2A0DCEF22}.Debug|x64.ActiveCfg = Debug|Any CPU
		{04D9B5EA-54C6-490A-B574-E2B2A0DCEF22}.Debug|x64.Build.0 = Debug|Any CPU
		{04D9B5EA-54C6-490A-B574-E2B2A0DCEF22}.Debug|x86.ActiveCfg = Debug|Any CPU
		{04D9B5EA-54C6-490A-B574-E2B2A0DCEF22}.Debug|x86.Build.0 = Debug|Any CPU
		{04D9B5EA-54C6-490A-B574-E2B2A0DCEF22}.publish|Any CPU.ActiveCfg = Debug|Any CPU
		{04D9B5EA-54C6-490A-B574-E2B2A0DCEF22}.publish|Any CPU.Build.0 = Debug|Any CPU
		{04D9B5EA-54C6-490A-B574-E2B2A0DCEF22}.publish|x64.ActiveCfg = Release|Any CPU
		{04D9B5EA-54C6-490A-B574-E2B2A0DCEF22}.publish|x64.Build.0 = Release|Any CPU
		{04D9B5EA-54C6-490A-B574-E2B2A0DCEF22}.publish|x86.ActiveCfg = Release|Any CPU
		{04D9B5EA-54C6-490A-B574-E2B2A0DCEF22}.publish|x86.Build.0 = Release|Any CPU
		{04D9B5EA-54C6-490A-B574-E2B2A0DCEF22}.Release|Any CPU.ActiveCfg = Release|Any CPU
		{04D9B5EA-54C6-490A-B574-E2B2A0DCEF22}.Release|Any CPU.Build.0 = Release|Any CPU
		{04D9B5EA-54C6-490A-B574-E2B2A0DCEF22}.Release|x64.ActiveCfg = Release|Any CPU
		{04D9B5EA-54C6-490A-B574-E2B2A0DCEF22}.Release|x64.Build.0 = Release|Any CPU
		{04D9B5EA-54C6-490A-B574-E2B2A0DCEF22}.Release|x86.ActiveCfg = Release|Any CPU
		{04D9B5EA-54C6-490A-B574-E2B2A0DCEF22}.Release|x86.Build.0 = Release|Any CPU
		{52B32D74-3966-7A93-2602-B0C62C0242A2}.Debug|Any CPU.ActiveCfg = Debug|Any CPU
		{52B32D74-3966-7A93-2602-B0C62C0242A2}.Debug|Any CPU.Build.0 = Debug|Any CPU
		{52B32D74-3966-7A93-2602-B0C62C0242A2}.Debug|x64.ActiveCfg = Debug|Any CPU
		{52B32D74-3966-7A93-2602-B0C62C0242A2}.Debug|x64.Build.0 = Debug|Any CPU
		{52B32D74-3966-7A93-2602-B0C62C0242A2}.Debug|x86.ActiveCfg = Debug|Any CPU
		{52B32D74-3966-7A93-2602-B0C62C0242A2}.Debug|x86.Build.0 = Debug|Any CPU
		{52B32D74-3966-7A93-2602-B0C62C0242A2}.publish|Any CPU.ActiveCfg = Release|Any CPU
		{52B32D74-3966-7A93-2602-B0C62C0242A2}.publish|Any CPU.Build.0 = Release|Any CPU
		{52B32D74-3966-7A93-2602-B0C62C0242A2}.publish|x64.ActiveCfg = Release|Any CPU
		{52B32D74-3966-7A93-2602-B0C62C0242A2}.publish|x64.Build.0 = Release|Any CPU
		{52B32D74-3966-7A93-2602-B0C62C0242A2}.publish|x86.ActiveCfg = Release|Any CPU
		{52B32D74-3966-7A93-2602-B0C62C0242A2}.publish|x86.Build.0 = Release|Any CPU
		{52B32D74-3966-7A93-2602-B0C62C0242A2}.Release|Any CPU.ActiveCfg = Release|Any CPU
		{52B32D74-3966-7A93-2602-B0C62C0242A2}.Release|Any CPU.Build.0 = Release|Any CPU
		{52B32D74-3966-7A93-2602-B0C62C0242A2}.Release|x64.ActiveCfg = Release|Any CPU
		{52B32D74-3966-7A93-2602-B0C62C0242A2}.Release|x64.Build.0 = Release|Any CPU
		{52B32D74-3966-7A93-2602-B0C62C0242A2}.Release|x86.ActiveCfg = Release|Any CPU
		{52B32D74-3966-7A93-2602-B0C62C0242A2}.Release|x86.Build.0 = Release|Any CPU
		{0ADD8A81-FE44-A3B8-2FB5-CDD31F8D0625}.Debug|Any CPU.ActiveCfg = Debug|Any CPU
		{0ADD8A81-FE44-A3B8-2FB5-CDD31F8D0625}.Debug|Any CPU.Build.0 = Debug|Any CPU
		{0ADD8A81-FE44-A3B8-2FB5-CDD31F8D0625}.Debug|x64.ActiveCfg = Debug|Any CPU
		{0ADD8A81-FE44-A3B8-2FB5-CDD31F8D0625}.Debug|x64.Build.0 = Debug|Any CPU
		{0ADD8A81-FE44-A3B8-2FB5-CDD31F8D0625}.Debug|x86.ActiveCfg = Debug|Any CPU
		{0ADD8A81-FE44-A3B8-2FB5-CDD31F8D0625}.Debug|x86.Build.0 = Debug|Any CPU
		{0ADD8A81-FE44-A3B8-2FB5-CDD31F8D0625}.publish|Any CPU.ActiveCfg = Release|Any CPU
		{0ADD8A81-FE44-A3B8-2FB5-CDD31F8D0625}.publish|Any CPU.Build.0 = Release|Any CPU
		{0ADD8A81-FE44-A3B8-2FB5-CDD31F8D0625}.publish|x64.ActiveCfg = Release|Any CPU
		{0ADD8A81-FE44-A3B8-2FB5-CDD31F8D0625}.publish|x64.Build.0 = Release|Any CPU
		{0ADD8A81-FE44-A3B8-2FB5-CDD31F8D0625}.publish|x86.ActiveCfg = Release|Any CPU
		{0ADD8A81-FE44-A3B8-2FB5-CDD31F8D0625}.publish|x86.Build.0 = Release|Any CPU
		{0ADD8A81-FE44-A3B8-2FB5-CDD31F8D0625}.Release|Any CPU.ActiveCfg = Release|Any CPU
		{0ADD8A81-FE44-A3B8-2FB5-CDD31F8D0625}.Release|Any CPU.Build.0 = Release|Any CPU
		{0ADD8A81-FE44-A3B8-2FB5-CDD31F8D0625}.Release|x64.ActiveCfg = Release|Any CPU
		{0ADD8A81-FE44-A3B8-2FB5-CDD31F8D0625}.Release|x64.Build.0 = Release|Any CPU
		{0ADD8A81-FE44-A3B8-2FB5-CDD31F8D0625}.Release|x86.ActiveCfg = Release|Any CPU
		{0ADD8A81-FE44-A3B8-2FB5-CDD31F8D0625}.Release|x86.Build.0 = Release|Any CPU
		{682DE8F1-FE58-90F0-1431-A6FAE64179B7}.Debug|Any CPU.ActiveCfg = Debug|Any CPU
		{682DE8F1-FE58-90F0-1431-A6FAE64179B7}.Debug|Any CPU.Build.0 = Debug|Any CPU
		{682DE8F1-FE58-90F0-1431-A6FAE64179B7}.Debug|x64.ActiveCfg = Debug|Any CPU
		{682DE8F1-FE58-90F0-1431-A6FAE64179B7}.Debug|x64.Build.0 = Debug|Any CPU
		{682DE8F1-FE58-90F0-1431-A6FAE64179B7}.Debug|x86.ActiveCfg = Debug|Any CPU
		{682DE8F1-FE58-90F0-1431-A6FAE64179B7}.Debug|x86.Build.0 = Debug|Any CPU
		{682DE8F1-FE58-90F0-1431-A6FAE64179B7}.publish|Any CPU.ActiveCfg = Release|Any CPU
		{682DE8F1-FE58-90F0-1431-A6FAE64179B7}.publish|Any CPU.Build.0 = Release|Any CPU
		{682DE8F1-FE58-90F0-1431-A6FAE64179B7}.publish|x64.ActiveCfg = Release|Any CPU
		{682DE8F1-FE58-90F0-1431-A6FAE64179B7}.publish|x64.Build.0 = Release|Any CPU
		{682DE8F1-FE58-90F0-1431-A6FAE64179B7}.publish|x86.ActiveCfg = Release|Any CPU
		{682DE8F1-FE58-90F0-1431-A6FAE64179B7}.publish|x86.Build.0 = Release|Any CPU
		{682DE8F1-FE58-90F0-1431-A6FAE64179B7}.Release|Any CPU.ActiveCfg = Release|Any CPU
		{682DE8F1-FE58-90F0-1431-A6FAE64179B7}.Release|Any CPU.Build.0 = Release|Any CPU
		{682DE8F1-FE58-90F0-1431-A6FAE64179B7}.Release|x64.ActiveCfg = Release|Any CPU
		{682DE8F1-FE58-90F0-1431-A6FAE64179B7}.Release|x64.Build.0 = Release|Any CPU
		{682DE8F1-FE58-90F0-1431-A6FAE64179B7}.Release|x86.ActiveCfg = Release|Any CPU
		{682DE8F1-FE58-90F0-1431-A6FAE64179B7}.Release|x86.Build.0 = Release|Any CPU
		{83EE6FAC-34CB-1303-13A7-CDB8BBF57B01}.Debug|Any CPU.ActiveCfg = Debug|Any CPU
		{83EE6FAC-34CB-1303-13A7-CDB8BBF57B01}.Debug|Any CPU.Build.0 = Debug|Any CPU
		{83EE6FAC-34CB-1303-13A7-CDB8BBF57B01}.Debug|x64.ActiveCfg = Debug|Any CPU
		{83EE6FAC-34CB-1303-13A7-CDB8BBF57B01}.Debug|x64.Build.0 = Debug|Any CPU
		{83EE6FAC-34CB-1303-13A7-CDB8BBF57B01}.Debug|x86.ActiveCfg = Debug|Any CPU
		{83EE6FAC-34CB-1303-13A7-CDB8BBF57B01}.Debug|x86.Build.0 = Debug|Any CPU
		{83EE6FAC-34CB-1303-13A7-CDB8BBF57B01}.publish|Any CPU.ActiveCfg = Release|Any CPU
		{83EE6FAC-34CB-1303-13A7-CDB8BBF57B01}.publish|Any CPU.Build.0 = Release|Any CPU
		{83EE6FAC-34CB-1303-13A7-CDB8BBF57B01}.publish|x64.ActiveCfg = Release|Any CPU
		{83EE6FAC-34CB-1303-13A7-CDB8BBF57B01}.publish|x64.Build.0 = Release|Any CPU
		{83EE6FAC-34CB-1303-13A7-CDB8BBF57B01}.publish|x86.ActiveCfg = Release|Any CPU
		{83EE6FAC-34CB-1303-13A7-CDB8BBF57B01}.publish|x86.Build.0 = Release|Any CPU
		{83EE6FAC-34CB-1303-13A7-CDB8BBF57B01}.Release|Any CPU.ActiveCfg = Release|Any CPU
		{83EE6FAC-34CB-1303-13A7-CDB8BBF57B01}.Release|Any CPU.Build.0 = Release|Any CPU
		{83EE6FAC-34CB-1303-13A7-CDB8BBF57B01}.Release|x64.ActiveCfg = Release|Any CPU
		{83EE6FAC-34CB-1303-13A7-CDB8BBF57B01}.Release|x64.Build.0 = Release|Any CPU
		{83EE6FAC-34CB-1303-13A7-CDB8BBF57B01}.Release|x86.ActiveCfg = Release|Any CPU
		{83EE6FAC-34CB-1303-13A7-CDB8BBF57B01}.Release|x86.Build.0 = Release|Any CPU
		{A43D8184-AB7D-62E5-7F5C-FFA93985A258}.Debug|Any CPU.ActiveCfg = Debug|Any CPU
		{A43D8184-AB7D-62E5-7F5C-FFA93985A258}.Debug|Any CPU.Build.0 = Debug|Any CPU
		{A43D8184-AB7D-62E5-7F5C-FFA93985A258}.Debug|x64.ActiveCfg = Debug|Any CPU
		{A43D8184-AB7D-62E5-7F5C-FFA93985A258}.Debug|x64.Build.0 = Debug|Any CPU
		{A43D8184-AB7D-62E5-7F5C-FFA93985A258}.Debug|x86.ActiveCfg = Debug|Any CPU
		{A43D8184-AB7D-62E5-7F5C-FFA93985A258}.Debug|x86.Build.0 = Debug|Any CPU
		{A43D8184-AB7D-62E5-7F5C-FFA93985A258}.publish|Any CPU.ActiveCfg = Release|Any CPU
		{A43D8184-AB7D-62E5-7F5C-FFA93985A258}.publish|Any CPU.Build.0 = Release|Any CPU
		{A43D8184-AB7D-62E5-7F5C-FFA93985A258}.publish|x64.ActiveCfg = Release|Any CPU
		{A43D8184-AB7D-62E5-7F5C-FFA93985A258}.publish|x64.Build.0 = Release|Any CPU
		{A43D8184-AB7D-62E5-7F5C-FFA93985A258}.publish|x86.ActiveCfg = Release|Any CPU
		{A43D8184-AB7D-62E5-7F5C-FFA93985A258}.publish|x86.Build.0 = Release|Any CPU
		{A43D8184-AB7D-62E5-7F5C-FFA93985A258}.Release|Any CPU.ActiveCfg = Release|Any CPU
		{A43D8184-AB7D-62E5-7F5C-FFA93985A258}.Release|Any CPU.Build.0 = Release|Any CPU
		{A43D8184-AB7D-62E5-7F5C-FFA93985A258}.Release|x64.ActiveCfg = Release|Any CPU
		{A43D8184-AB7D-62E5-7F5C-FFA93985A258}.Release|x64.Build.0 = Release|Any CPU
		{A43D8184-AB7D-62E5-7F5C-FFA93985A258}.Release|x86.ActiveCfg = Release|Any CPU
		{A43D8184-AB7D-62E5-7F5C-FFA93985A258}.Release|x86.Build.0 = Release|Any CPU
		{274DE579-4816-E0D4-0196-60E10E7B1D7B}.Debug|Any CPU.ActiveCfg = Debug|Any CPU
		{274DE579-4816-E0D4-0196-60E10E7B1D7B}.Debug|Any CPU.Build.0 = Debug|Any CPU
		{274DE579-4816-E0D4-0196-60E10E7B1D7B}.Debug|x64.ActiveCfg = Debug|Any CPU
		{274DE579-4816-E0D4-0196-60E10E7B1D7B}.Debug|x64.Build.0 = Debug|Any CPU
		{274DE579-4816-E0D4-0196-60E10E7B1D7B}.Debug|x86.ActiveCfg = Debug|Any CPU
		{274DE579-4816-E0D4-0196-60E10E7B1D7B}.Debug|x86.Build.0 = Debug|Any CPU
		{274DE579-4816-E0D4-0196-60E10E7B1D7B}.publish|Any CPU.ActiveCfg = Release|Any CPU
		{274DE579-4816-E0D4-0196-60E10E7B1D7B}.publish|Any CPU.Build.0 = Release|Any CPU
		{274DE579-4816-E0D4-0196-60E10E7B1D7B}.publish|x64.ActiveCfg = Release|Any CPU
		{274DE579-4816-E0D4-0196-60E10E7B1D7B}.publish|x64.Build.0 = Release|Any CPU
		{274DE579-4816-E0D4-0196-60E10E7B1D7B}.publish|x86.ActiveCfg = Release|Any CPU
		{274DE579-4816-E0D4-0196-60E10E7B1D7B}.publish|x86.Build.0 = Release|Any CPU
		{274DE579-4816-E0D4-0196-60E10E7B1D7B}.Release|Any CPU.ActiveCfg = Release|Any CPU
		{274DE579-4816-E0D4-0196-60E10E7B1D7B}.Release|Any CPU.Build.0 = Release|Any CPU
		{274DE579-4816-E0D4-0196-60E10E7B1D7B}.Release|x64.ActiveCfg = Release|Any CPU
		{274DE579-4816-E0D4-0196-60E10E7B1D7B}.Release|x64.Build.0 = Release|Any CPU
		{274DE579-4816-E0D4-0196-60E10E7B1D7B}.Release|x86.ActiveCfg = Release|Any CPU
		{274DE579-4816-E0D4-0196-60E10E7B1D7B}.Release|x86.Build.0 = Release|Any CPU
		{F24B6E8F-CBCC-A122-2914-95293CBB6E64}.Debug|Any CPU.ActiveCfg = Debug|Any CPU
		{F24B6E8F-CBCC-A122-2914-95293CBB6E64}.Debug|Any CPU.Build.0 = Debug|Any CPU
		{F24B6E8F-CBCC-A122-2914-95293CBB6E64}.Debug|x64.ActiveCfg = Debug|Any CPU
		{F24B6E8F-CBCC-A122-2914-95293CBB6E64}.Debug|x64.Build.0 = Debug|Any CPU
		{F24B6E8F-CBCC-A122-2914-95293CBB6E64}.Debug|x86.ActiveCfg = Debug|Any CPU
		{F24B6E8F-CBCC-A122-2914-95293CBB6E64}.Debug|x86.Build.0 = Debug|Any CPU
		{F24B6E8F-CBCC-A122-2914-95293CBB6E64}.publish|Any CPU.ActiveCfg = Release|Any CPU
		{F24B6E8F-CBCC-A122-2914-95293CBB6E64}.publish|Any CPU.Build.0 = Release|Any CPU
		{F24B6E8F-CBCC-A122-2914-95293CBB6E64}.publish|x64.ActiveCfg = Release|Any CPU
		{F24B6E8F-CBCC-A122-2914-95293CBB6E64}.publish|x64.Build.0 = Release|Any CPU
		{F24B6E8F-CBCC-A122-2914-95293CBB6E64}.publish|x86.ActiveCfg = Release|Any CPU
		{F24B6E8F-CBCC-A122-2914-95293CBB6E64}.publish|x86.Build.0 = Release|Any CPU
		{F24B6E8F-CBCC-A122-2914-95293CBB6E64}.Release|Any CPU.ActiveCfg = Release|Any CPU
		{F24B6E8F-CBCC-A122-2914-95293CBB6E64}.Release|Any CPU.Build.0 = Release|Any CPU
		{F24B6E8F-CBCC-A122-2914-95293CBB6E64}.Release|x64.ActiveCfg = Release|Any CPU
		{F24B6E8F-CBCC-A122-2914-95293CBB6E64}.Release|x64.Build.0 = Release|Any CPU
		{F24B6E8F-CBCC-A122-2914-95293CBB6E64}.Release|x86.ActiveCfg = Release|Any CPU
		{F24B6E8F-CBCC-A122-2914-95293CBB6E64}.Release|x86.Build.0 = Release|Any CPU
		{30DE9659-D0C1-04CB-D107-9F98B95BEA98}.Debug|Any CPU.ActiveCfg = Debug|Any CPU
		{30DE9659-D0C1-04CB-D107-9F98B95BEA98}.Debug|Any CPU.Build.0 = Debug|Any CPU
		{30DE9659-D0C1-04CB-D107-9F98B95BEA98}.Debug|x64.ActiveCfg = Debug|Any CPU
		{30DE9659-D0C1-04CB-D107-9F98B95BEA98}.Debug|x64.Build.0 = Debug|Any CPU
		{30DE9659-D0C1-04CB-D107-9F98B95BEA98}.Debug|x86.ActiveCfg = Debug|Any CPU
		{30DE9659-D0C1-04CB-D107-9F98B95BEA98}.Debug|x86.Build.0 = Debug|Any CPU
		{30DE9659-D0C1-04CB-D107-9F98B95BEA98}.publish|Any CPU.ActiveCfg = Release|Any CPU
		{30DE9659-D0C1-04CB-D107-9F98B95BEA98}.publish|Any CPU.Build.0 = Release|Any CPU
		{30DE9659-D0C1-04CB-D107-9F98B95BEA98}.publish|x64.ActiveCfg = Release|Any CPU
		{30DE9659-D0C1-04CB-D107-9F98B95BEA98}.publish|x64.Build.0 = Release|Any CPU
		{30DE9659-D0C1-04CB-D107-9F98B95BEA98}.publish|x86.ActiveCfg = Release|Any CPU
		{30DE9659-D0C1-04CB-D107-9F98B95BEA98}.publish|x86.Build.0 = Release|Any CPU
		{30DE9659-D0C1-04CB-D107-9F98B95BEA98}.Release|Any CPU.ActiveCfg = Release|Any CPU
		{30DE9659-D0C1-04CB-D107-9F98B95BEA98}.Release|Any CPU.Build.0 = Release|Any CPU
		{30DE9659-D0C1-04CB-D107-9F98B95BEA98}.Release|x64.ActiveCfg = Release|Any CPU
		{30DE9659-D0C1-04CB-D107-9F98B95BEA98}.Release|x64.Build.0 = Release|Any CPU
		{30DE9659-D0C1-04CB-D107-9F98B95BEA98}.Release|x86.ActiveCfg = Release|Any CPU
		{30DE9659-D0C1-04CB-D107-9F98B95BEA98}.Release|x86.Build.0 = Release|Any CPU
	EndGlobalSection
	GlobalSection(SolutionProperties) = preSolution
		HideSolutionNode = FALSE
	EndGlobalSection
	GlobalSection(ExtensibilityGlobals) = postSolution
		SolutionGuid = {91D21C2D-E76D-4CC8-8FB2-E3CADAC41F49}
	EndGlobalSection
EndGlobal
