
Microsoft Visual Studio Solution File, Format Version 12.00
# Visual Studio Version 17
VisualStudioVersion = 17.0.31903.59
MinimumVisualStudioVersion = 10.0.40219.1
Project("{FAE04EC0-301F-11D3-BF4B-00C04F79EFBC}") = "SiegeEngine", "SiegeEngine\SiegeEngine.csproj", "{04D9B5EA-54C6-490A-B574-E2B2A0DCEF22}"
EndProject
Project("{FAE04EC0-301F-11D3-BF4B-00C04F79EFBC}") = "Foundation", "Foundation\Foundation.csproj", "{7C8F229A-B553-41F7-998D-F9641C6EA81A}"
EndProject
Project("{FAE04EC0-301F-11D3-BF4B-00C04F79EFBC}") = "Trebuchet", "Trebuchet\Trebuchet.csproj", "{B8A5CBC4-C8A9-48F4-AE6C-936BC6351FE9}"
EndProject
Project("{FAE04EC0-301F-11D3-BF4B-00C04F79EFBC}") = "ThroneRoom", "ThroneRoom\ThroneRoom.csproj", "{8CBB7F0F-C5DF-42C0-8A6B-124D142D6C0B}"
EndProject
Project("{FAE04EC0-301F-11D3-BF4B-00C04F79EFBC}") = "Citadel", "Citadel\Citadel.csproj", "{5CC4A650-8159-4F82-A125-7AB31BF3F96A}"
EndProject
Project("{FAE04EC0-301F-11D3-BF4B-00C04F79EFBC}") = "CastleBuilder", "CastleBuilder\CastleBuilder.csproj", "{2CC2A40B-D138-44E0-B233-125BCF602FCA}"
EndProject
Project("{FAE04EC0-301F-11D3-BF4B-00C04F79EFBC}") = "MapRoom", "MapRoom\MapRoom.csproj", "{C638D953-0570-4565-9DB0-028806CE0785}"
EndProject
Project("{FAE04EC0-301F-11D3-BF4B-00C04F79EFBC}") = "ReadingChamber", "ReadingChamber\ReadingChamber.csproj", "{F2EF30A5-FD95-4EBB-9A33-65C4AF442B2D}"
EndProject
Project("{FAE04EC0-301F-11D3-BF4B-00C04F79EFBC}") = "ScriptChamber", "ScriptChamber\ScriptChamber.csproj", "{FB098E40-0990-4C49-B79C-57AABA5C3632}"
EndProject
Project("{FAE04EC0-301F-11D3-BF4B-00C04F79EFBC}") = "QuestHall", "QuestHall\QuestHall.csproj", "{594C4BA0-C497-4B02-8983-C011E7392890}"
EndProject
Project("{FAE04EC0-301F-11D3-BF4B-00C04F79EFBC}") = "GuildTower", "GuildTower\GuildTower.csproj", "{DA44D92E-C2F1-46BC-8E9B-2667C8D4BE9B}"
EndProject
Project("{FAE04EC0-301F-11D3-BF4B-00C04F79EFBC}") = "ToolChest", "ToolChest\ToolChest.csproj", "{E6A3E94F-9ADA-4B7B-AB93-10EABE3A7DDF}"
EndProject
Global
	GlobalSection(SolutionConfigurationPlatforms) = preSolution
		Debug|Any CPU = Debug|Any CPU
		Debug|x64 = Debug|x64
		Debug|x86 = Debug|x86
		Release|Any CPU = Release|Any CPU
		Release|x64 = Release|x64
		Release|x86 = Release|x86
	EndGlobalSection
	GlobalSection(ProjectConfigurationPlatforms) = postSolution
		{04D9B5EA-54C6-490A-B574-E2B2A0DCEF22}.Debug|Any CPU.ActiveCfg = Debug|Any CPU
		{04D9B5EA-54C6-490A-B574-E2B2A0DCEF22}.Debug|Any CPU.Build.0 = Debug|Any CPU
		{04D9B5EA-54C6-490A-B574-E2B2A0DCEF22}.Debug|x64.ActiveCfg = Debug|Any CPU
		{04D9B5EA-54C6-490A-B574-E2B2A0DCEF22}.Debug|x64.Build.0 = Debug|Any CPU
		{04D9B5EA-54C6-490A-B574-E2B2A0DCEF22}.Debug|x86.ActiveCfg = Debug|Any CPU
		{04D9B5EA-54C6-490A-B574-E2B2A0DCEF22}.Debug|x86.Build.0 = Debug|Any CPU
		{04D9B5EA-54C6-490A-B574-E2B2A0DCEF22}.Release|Any CPU.ActiveCfg = Release|Any CPU
		{04D9B5EA-54C6-490A-B574-E2B2A0DCEF22}.Release|Any CPU.Build.0 = Release|Any CPU
		{04D9B5EA-54C6-490A-B574-E2B2A0DCEF22}.Release|x64.ActiveCfg = Release|Any CPU
		{04D9B5EA-54C6-490A-B574-E2B2A0DCEF22}.Release|x64.Build.0 = Release|Any CPU
		{04D9B5EA-54C6-490A-B574-E2B2A0DCEF22}.Release|x86.ActiveCfg = Release|Any CPU
		{04D9B5EA-54C6-490A-B574-E2B2A0DCEF22}.Release|x86.Build.0 = Release|Any CPU
		{7C8F229A-B553-41F7-998D-F9641C6EA81A}.Debug|Any CPU.ActiveCfg = Debug|Any CPU
		{7C8F229A-B553-41F7-998D-F9641C6EA81A}.Debug|Any CPU.Build.0 = Debug|Any CPU
		{7C8F229A-B553-41F7-998D-F9641C6EA81A}.Debug|x64.ActiveCfg = Debug|Any CPU
		{7C8F229A-B553-41F7-998D-F9641C6EA81A}.Debug|x64.Build.0 = Debug|Any CPU
		{7C8F229A-B553-41F7-998D-F9641C6EA81A}.Debug|x86.ActiveCfg = Debug|Any CPU
		{7C8F229A-B553-41F7-998D-F9641C6EA81A}.Debug|x86.Build.0 = Debug|Any CPU
		{7C8F229A-B553-41F7-998D-F9641C6EA81A}.Release|Any CPU.ActiveCfg = Release|Any CPU
		{7C8F229A-B553-41F7-998D-F9641C6EA81A}.Release|Any CPU.Build.0 = Release|Any CPU
		{7C8F229A-B553-41F7-998D-F9641C6EA81A}.Release|x64.ActiveCfg = Release|Any CPU
		{7C8F229A-B553-41F7-998D-F9641C6EA81A}.Release|x64.Build.0 = Release|Any CPU
		{7C8F229A-B553-41F7-998D-F9641C6EA81A}.Release|x86.ActiveCfg = Release|Any CPU
		{7C8F229A-B553-41F7-998D-F9641C6EA81A}.Release|x86.Build.0 = Release|Any CPU
		{B8A5CBC4-C8A9-48F4-AE6C-936BC6351FE9}.Debug|Any CPU.ActiveCfg = Debug|Any CPU
		{B8A5CBC4-C8A9-48F4-AE6C-936BC6351FE9}.Debug|Any CPU.Build.0 = Debug|Any CPU
		{B8A5CBC4-C8A9-48F4-AE6C-936BC6351FE9}.Debug|x64.ActiveCfg = Debug|Any CPU
		{B8A5CBC4-C8A9-48F4-AE6C-936BC6351FE9}.Debug|x64.Build.0 = Debug|Any CPU
		{B8A5CBC4-C8A9-48F4-AE6C-936BC6351FE9}.Debug|x86.ActiveCfg = Debug|Any CPU
		{B8A5CBC4-C8A9-48F4-AE6C-936BC6351FE9}.Debug|x86.Build.0 = Debug|Any CPU
		{B8A5CBC4-C8A9-48F4-AE6C-936BC6351FE9}.Release|Any CPU.ActiveCfg = Release|Any CPU
		{B8A5CBC4-C8A9-48F4-AE6C-936BC6351FE9}.Release|Any CPU.Build.0 = Release|Any CPU
		{B8A5CBC4-C8A9-48F4-AE6C-936BC6351FE9}.Release|x64.ActiveCfg = Release|Any CPU
		{B8A5CBC4-C8A9-48F4-AE6C-936BC6351FE9}.Release|x64.Build.0 = Release|Any CPU
		{B8A5CBC4-C8A9-48F4-AE6C-936BC6351FE9}.Release|x86.ActiveCfg = Release|Any CPU
		{B8A5CBC4-C8A9-48F4-AE6C-936BC6351FE9}.Release|x86.Build.0 = Release|Any CPU
		{8CBB7F0F-C5DF-42C0-8A6B-124D142D6C0B}.Debug|Any CPU.ActiveCfg = Debug|Any CPU
		{8CBB7F0F-C5DF-42C0-8A6B-124D142D6C0B}.Debug|Any CPU.Build.0 = Debug|Any CPU
		{8CBB7F0F-C5DF-42C0-8A6B-124D142D6C0B}.Debug|x64.ActiveCfg = Debug|Any CPU
		{8CBB7F0F-C5DF-42C0-8A6B-124D142D6C0B}.Debug|x64.Build.0 = Debug|Any CPU
		{8CBB7F0F-C5DF-42C0-8A6B-124D142D6C0B}.Debug|x86.ActiveCfg = Debug|Any CPU
		{8CBB7F0F-C5DF-42C0-8A6B-124D142D6C0B}.Debug|x86.Build.0 = Debug|Any CPU
		{8CBB7F0F-C5DF-42C0-8A6B-124D142D6C0B}.Release|Any CPU.ActiveCfg = Release|Any CPU
		{8CBB7F0F-C5DF-42C0-8A6B-124D142D6C0B}.Release|Any CPU.Build.0 = Release|Any CPU
		{8CBB7F0F-C5DF-42C0-8A6B-124D142D6C0B}.Release|x64.ActiveCfg = Release|Any CPU
		{8CBB7F0F-C5DF-42C0-8A6B-124D142D6C0B}.Release|x64.Build.0 = Release|Any CPU
		{8CBB7F0F-C5DF-42C0-8A6B-124D142D6C0B}.Release|x86.ActiveCfg = Release|Any CPU
		{8CBB7F0F-C5DF-42C0-8A6B-124D142D6C0B}.Release|x86.Build.0 = Release|Any CPU
		{5CC4A650-8159-4F82-A125-7AB31BF3F96A}.Debug|Any CPU.ActiveCfg = Debug|Any CPU
		{5CC4A650-8159-4F82-A125-7AB31BF3F96A}.Debug|Any CPU.Build.0 = Debug|Any CPU
		{5CC4A650-8159-4F82-A125-7AB31BF3F96A}.Debug|x64.ActiveCfg = Debug|Any CPU
		{5CC4A650-8159-4F82-A125-7AB31BF3F96A}.Debug|x64.Build.0 = Debug|Any CPU
		{5CC4A650-8159-4F82-A125-7AB31BF3F96A}.Debug|x86.ActiveCfg = Debug|Any CPU
		{5CC4A650-8159-4F82-A125-7AB31BF3F96A}.Debug|x86.Build.0 = Debug|Any CPU
		{5CC4A650-8159-4F82-A125-7AB31BF3F96A}.Release|Any CPU.ActiveCfg = Release|Any CPU
		{5CC4A650-8159-4F82-A125-7AB31BF3F96A}.Release|Any CPU.Build.0 = Release|Any CPU
		{5CC4A650-8159-4F82-A125-7AB31BF3F96A}.Release|x64.ActiveCfg = Release|Any CPU
		{5CC4A650-8159-4F82-A125-7AB31BF3F96A}.Release|x64.Build.0 = Release|Any CPU
		{5CC4A650-8159-4F82-A125-7AB31BF3F96A}.Release|x86.ActiveCfg = Release|Any CPU
		{5CC4A650-8159-4F82-A125-7AB31BF3F96A}.Release|x86.Build.0 = Release|Any CPU
		{2CC2A40B-D138-44E0-B233-125BCF602FCA}.Debug|Any CPU.ActiveCfg = Debug|Any CPU
		{2CC2A40B-D138-44E0-B233-125BCF602FCA}.Debug|Any CPU.Build.0 = Debug|Any CPU
		{2CC2A40B-D138-44E0-B233-125BCF602FCA}.Debug|x64.ActiveCfg = Debug|Any CPU
		{2CC2A40B-D138-44E0-B233-125BCF602FCA}.Debug|x64.Build.0 = Debug|Any CPU
		{2CC2A40B-D138-44E0-B233-125BCF602FCA}.Debug|x86.ActiveCfg = Debug|Any CPU
		{2CC2A40B-D138-44E0-B233-125BCF602FCA}.Debug|x86.Build.0 = Debug|Any CPU
		{2CC2A40B-D138-44E0-B233-125BCF602FCA}.Release|Any CPU.ActiveCfg = Release|Any CPU
		{2CC2A40B-D138-44E0-B233-125BCF602FCA}.Release|Any CPU.Build.0 = Release|Any CPU
		{2CC2A40B-D138-44E0-B233-125BCF602FCA}.Release|x64.ActiveCfg = Release|Any CPU
		{2CC2A40B-D138-44E0-B233-125BCF602FCA}.Release|x64.Build.0 = Release|Any CPU
		{2CC2A40B-D138-44E0-B233-125BCF602FCA}.Release|x86.ActiveCfg = Release|Any CPU
		{2CC2A40B-D138-44E0-B233-125BCF602FCA}.Release|x86.Build.0 = Release|Any CPU
		{C638D953-0570-4565-9DB0-028806CE0785}.Debug|Any CPU.ActiveCfg = Debug|Any CPU
		{C638D953-0570-4565-9DB0-028806CE0785}.Debug|Any CPU.Build.0 = Debug|Any CPU
		{C638D953-0570-4565-9DB0-028806CE0785}.Debug|x64.ActiveCfg = Debug|Any CPU
		{C638D953-0570-4565-9DB0-028806CE0785}.Debug|x64.Build.0 = Debug|Any CPU
		{C638D953-0570-4565-9DB0-028806CE0785}.Debug|x86.ActiveCfg = Debug|Any CPU
		{C638D953-0570-4565-9DB0-028806CE0785}.Debug|x86.Build.0 = Debug|Any CPU
		{C638D953-0570-4565-9DB0-028806CE0785}.Release|Any CPU.ActiveCfg = Release|Any CPU
		{C638D953-0570-4565-9DB0-028806CE0785}.Release|Any CPU.Build.0 = Release|Any CPU
		{C638D953-0570-4565-9DB0-028806CE0785}.Release|x64.ActiveCfg = Release|Any CPU
		{C638D953-0570-4565-9DB0-028806CE0785}.Release|x64.Build.0 = Release|Any CPU
		{C638D953-0570-4565-9DB0-028806CE0785}.Release|x86.ActiveCfg = Release|Any CPU
		{C638D953-0570-4565-9DB0-028806CE0785}.Release|x86.Build.0 = Release|Any CPU
		{F2EF30A5-FD95-4EBB-9A33-65C4AF442B2D}.Debug|Any CPU.ActiveCfg = Debug|Any CPU
		{F2EF30A5-FD95-4EBB-9A33-65C4AF442B2D}.Debug|Any CPU.Build.0 = Debug|Any CPU
		{F2EF30A5-FD95-4EBB-9A33-65C4AF442B2D}.Debug|x64.ActiveCfg = Debug|Any CPU
		{F2EF30A5-FD95-4EBB-9A33-65C4AF442B2D}.Debug|x64.Build.0 = Debug|Any CPU
		{F2EF30A5-FD95-4EBB-9A33-65C4AF442B2D}.Debug|x86.ActiveCfg = Debug|Any CPU
		{F2EF30A5-FD95-4EBB-9A33-65C4AF442B2D}.Debug|x86.Build.0 = Debug|Any CPU
		{F2EF30A5-FD95-4EBB-9A33-65C4AF442B2D}.Release|Any CPU.ActiveCfg = Release|Any CPU
		{F2EF30A5-FD95-4EBB-9A33-65C4AF442B2D}.Release|Any CPU.Build.0 = Release|Any CPU
		{F2EF30A5-FD95-4EBB-9A33-65C4AF442B2D}.Release|x64.ActiveCfg = Release|Any CPU
		{F2EF30A5-FD95-4EBB-9A33-65C4AF442B2D}.Release|x64.Build.0 = Release|Any CPU
		{F2EF30A5-FD95-4EBB-9A33-65C4AF442B2D}.Release|x86.ActiveCfg = Release|Any CPU
		{F2EF30A5-FD95-4EBB-9A33-65C4AF442B2D}.Release|x86.Build.0 = Release|Any CPU
		{FB098E40-0990-4C49-B79C-57AABA5C3632}.Debug|Any CPU.ActiveCfg = Debug|Any CPU
		{FB098E40-0990-4C49-B79C-57AABA5C3632}.Debug|Any CPU.Build.0 = Debug|Any CPU
		{FB098E40-0990-4C49-B79C-57AABA5C3632}.Debug|x64.ActiveCfg = Debug|Any CPU
		{FB098E40-0990-4C49-B79C-57AABA5C3632}.Debug|x64.Build.0 = Debug|Any CPU
		{FB098E40-0990-4C49-B79C-57AABA5C3632}.Debug|x86.ActiveCfg = Debug|Any CPU
		{FB098E40-0990-4C49-B79C-57AABA5C3632}.Debug|x86.Build.0 = Debug|Any CPU
		{FB098E40-0990-4C49-B79C-57AABA5C3632}.Release|Any CPU.ActiveCfg = Release|Any CPU
		{FB098E40-0990-4C49-B79C-57AABA5C3632}.Release|Any CPU.Build.0 = Release|Any CPU
		{FB098E40-0990-4C49-B79C-57AABA5C3632}.Release|x64.ActiveCfg = Release|Any CPU
		{FB098E40-0990-4C49-B79C-57AABA5C3632}.Release|x64.Build.0 = Release|Any CPU
		{FB098E40-0990-4C49-B79C-57AABA5C3632}.Release|x86.ActiveCfg = Release|Any CPU
		{FB098E40-0990-4C49-B79C-57AABA5C3632}.Release|x86.Build.0 = Release|Any CPU
		{594C4BA0-C497-4B02-8983-C011E7392890}.Debug|Any CPU.ActiveCfg = Debug|Any CPU
		{594C4BA0-C497-4B02-8983-C011E7392890}.Debug|Any CPU.Build.0 = Debug|Any CPU
		{594C4BA0-C497-4B02-8983-C011E7392890}.Debug|x64.ActiveCfg = Debug|Any CPU
		{594C4BA0-C497-4B02-8983-C011E7392890}.Debug|x64.Build.0 = Debug|Any CPU
		{594C4BA0-C497-4B02-8983-C011E7392890}.Debug|x86.ActiveCfg = Debug|Any CPU
		{594C4BA0-C497-4B02-8983-C011E7392890}.Debug|x86.Build.0 = Debug|Any CPU
		{594C4BA0-C497-4B02-8983-C011E7392890}.Release|Any CPU.ActiveCfg = Release|Any CPU
		{594C4BA0-C497-4B02-8983-C011E7392890}.Release|Any CPU.Build.0 = Release|Any CPU
		{594C4BA0-C497-4B02-8983-C011E7392890}.Release|x64.ActiveCfg = Release|Any CPU
		{594C4BA0-C497-4B02-8983-C011E7392890}.Release|x64.Build.0 = Release|Any CPU
		{594C4BA0-C497-4B02-8983-C011E7392890}.Release|x86.ActiveCfg = Release|Any CPU
		{594C4BA0-C497-4B02-8983-C011E7392890}.Release|x86.Build.0 = Release|Any CPU
		{DA44D92E-C2F1-46BC-8E9B-2667C8D4BE9B}.Debug|Any CPU.ActiveCfg = Debug|Any CPU
		{DA44D92E-C2F1-46BC-8E9B-2667C8D4BE9B}.Debug|Any CPU.Build.0 = Debug|Any CPU
		{DA44D92E-C2F1-46BC-8E9B-2667C8D4BE9B}.Debug|x64.ActiveCfg = Debug|Any CPU
		{DA44D92E-C2F1-46BC-8E9B-2667C8D4BE9B}.Debug|x64.Build.0 = Debug|Any CPU
		{DA44D92E-C2F1-46BC-8E9B-2667C8D4BE9B}.Debug|x86.ActiveCfg = Debug|Any CPU
		{DA44D92E-C2F1-46BC-8E9B-2667C8D4BE9B}.Debug|x86.Build.0 = Debug|Any CPU
		{DA44D92E-C2F1-46BC-8E9B-2667C8D4BE9B}.Release|Any CPU.ActiveCfg = Release|Any CPU
		{DA44D92E-C2F1-46BC-8E9B-2667C8D4BE9B}.Release|Any CPU.Build.0 = Release|Any CPU
		{DA44D92E-C2F1-46BC-8E9B-2667C8D4BE9B}.Release|x64.ActiveCfg = Release|Any CPU
		{DA44D92E-C2F1-46BC-8E9B-2667C8D4BE9B}.Release|x64.Build.0 = Release|Any CPU
		{DA44D92E-C2F1-46BC-8E9B-2667C8D4BE9B}.Release|x86.ActiveCfg = Release|Any CPU
		{DA44D92E-C2F1-46BC-8E9B-2667C8D4BE9B}.Release|x86.Build.0 = Release|Any CPU
		{E6A3E94F-9ADA-4B7B-AB93-10EABE3A7DDF}.Debug|Any CPU.ActiveCfg = Debug|Any CPU
		{E6A3E94F-9ADA-4B7B-AB93-10EABE3A7DDF}.Debug|Any CPU.Build.0 = Debug|Any CPU
		{E6A3E94F-9ADA-4B7B-AB93-10EABE3A7DDF}.Debug|x64.ActiveCfg = Debug|Any CPU
		{E6A3E94F-9ADA-4B7B-AB93-10EABE3A7DDF}.Debug|x64.Build.0 = Debug|Any CPU
		{E6A3E94F-9ADA-4B7B-AB93-10EABE3A7DDF}.Debug|x86.ActiveCfg = Debug|Any CPU
		{E6A3E94F-9ADA-4B7B-AB93-10EABE3A7DDF}.Debug|x86.Build.0 = Debug|Any CPU
		{E6A3E94F-9ADA-4B7B-AB93-10EABE3A7DDF}.Release|Any CPU.ActiveCfg = Release|Any CPU
		{E6A3E94F-9ADA-4B7B-AB93-10EABE3A7DDF}.Release|Any CPU.Build.0 = Release|Any CPU
		{E6A3E94F-9ADA-4B7B-AB93-10EABE3A7DDF}.Release|x64.ActiveCfg = Release|Any CPU
		{E6A3E94F-9ADA-4B7B-AB93-10EABE3A7DDF}.Release|x64.Build.0 = Release|Any CPU
		{E6A3E94F-9ADA-4B7B-AB93-10EABE3A7DDF}.Release|x86.ActiveCfg = Release|Any CPU
		{E6A3E94F-9ADA-4B7B-AB93-10EABE3A7DDF}.Release|x86.Build.0 = Release|Any CPU
	EndGlobalSection
	GlobalSection(SolutionProperties) = preSolution
		HideSolutionNode = FALSE
	EndGlobalSection
	GlobalSection(ExtensibilityGlobals) = postSolution
		SolutionGuid = {91D21C2D-E76D-4CC8-8FB2-E3CADAC41F49}
	EndGlobalSection
EndGlobal
