
Microsoft Visual Studio Solution File, Format Version 12.00
# Visual Studio Version 17
VisualStudioVersion = 17.14.36408.4
MinimumVisualStudioVersion = 10.0.40219.1
Project("{8BC9CEB8-8B4A-11D0-8D11-00A0C91BC942}") = "SummarizeRepo", "SummarizeRepo.vcxproj", "{978367FA-AB5E-452D-B9CB-64F5FD50F6C9}"
EndProject
Project("{8BC9CEB8-8B4A-11D0-8D11-00A0C91BC942}") = "HeirarchySummary", "..\HeirarchySummary\HeirarchySummary.vcxproj", "{A129038A-DEDE-4E52-8B98-1F20B7BA7605}"
EndProject
Project("{8BC9CEB8-8B4A-11D0-8D11-00A0C91BC942}") = "Summary", "..\Summary\Summary.vcxproj", "{BBCB1ACC-0EDD-4B55-8236-2DF7D22F82C0}"
EndProject
Global
	GlobalSection(SolutionConfigurationPlatforms) = preSolution
		Debug|x64 = Debug|x64
		Debug|x86 = Debug|x86
		Release|x64 = Release|x64
		Release|x86 = Release|x86
		Test|x64 = Test|x64
		Test|x86 = Test|x86
	EndGlobalSection
	GlobalSection(ProjectConfigurationPlatforms) = postSolution
		{978367FA-AB5E-452D-B9CB-64F5FD50F6C9}.Debug|x64.ActiveCfg = Debug|x64
		{978367FA-AB5E-452D-B9CB-64F5FD50F6C9}.Debug|x64.Build.0 = Debug|x64
		{978367FA-AB5E-452D-B9CB-64F5FD50F6C9}.Debug|x86.ActiveCfg = Debug|Win32
		{978367FA-AB5E-452D-B9CB-64F5FD50F6C9}.Debug|x86.Build.0 = Debug|Win32
		{978367FA-AB5E-452D-B9CB-64F5FD50F6C9}.Release|x64.ActiveCfg = Release|x64
		{978367FA-AB5E-452D-B9CB-64F5FD50F6C9}.Release|x64.Build.0 = Release|x64
		{978367FA-AB5E-452D-B9CB-64F5FD50F6C9}.Release|x86.ActiveCfg = Release|Win32
		{978367FA-AB5E-452D-B9CB-64F5FD50F6C9}.Release|x86.Build.0 = Release|Win32
		{978367FA-AB5E-452D-B9CB-64F5FD50F6C9}.Test|x64.ActiveCfg = Test|x64
		{978367FA-AB5E-452D-B9CB-64F5FD50F6C9}.Test|x64.Build.0 = Test|x64
		{978367FA-AB5E-452D-B9CB-64F5FD50F6C9}.Test|x86.ActiveCfg = Test|Win32
		{978367FA-AB5E-452D-B9CB-64F5FD50F6C9}.Test|x86.Build.0 = Test|Win32
		{A129038A-DEDE-4E52-8B98-1F20B7BA7605}.Debug|x64.ActiveCfg = Debug|x64
		{A129038A-DEDE-4E52-8B98-1F20B7BA7605}.Debug|x64.Build.0 = Debug|x64
		{A129038A-DEDE-4E52-8B98-1F20B7BA7605}.Debug|x86.ActiveCfg = Debug|Win32
		{A129038A-DEDE-4E52-8B98-1F20B7BA7605}.Debug|x86.Build.0 = Debug|Win32
		{A129038A-DEDE-4E52-8B98-1F20B7BA7605}.Release|x64.ActiveCfg = Release|x64
		{A129038A-DEDE-4E52-8B98-1F20B7BA7605}.Release|x64.Build.0 = Release|x64
		{A129038A-DEDE-4E52-8B98-1F20B7BA7605}.Release|x86.ActiveCfg = Release|Win32
		{A129038A-DEDE-4E52-8B98-1F20B7BA7605}.Release|x86.Build.0 = Release|Win32
		{A129038A-DEDE-4E52-8B98-1F20B7BA7605}.Test|x64.ActiveCfg = Debug|x64
		{A129038A-DEDE-4E52-8B98-1F20B7BA7605}.Test|x64.Build.0 = Debug|x64
		{A129038A-DEDE-4E52-8B98-1F20B7BA7605}.Test|x86.ActiveCfg = Debug|Win32
		{A129038A-DEDE-4E52-8B98-1F20B7BA7605}.Test|x86.Build.0 = Debug|Win32
		{BBCB1ACC-0EDD-4B55-8236-2DF7D22F82C0}.Debug|x64.ActiveCfg = Debug|x64
		{BBCB1ACC-0EDD-4B55-8236-2DF7D22F82C0}.Debug|x64.Build.0 = Debug|x64
		{BBCB1ACC-0EDD-4B55-8236-2DF7D22F82C0}.Debug|x86.ActiveCfg = Debug|Win32
		{BBCB1ACC-0EDD-4B55-8236-2DF7D22F82C0}.Debug|x86.Build.0 = Debug|Win32
		{BBCB1ACC-0EDD-4B55-8236-2DF7D22F82C0}.Release|x64.ActiveCfg = Release|x64
		{BBCB1ACC-0EDD-4B55-8236-2DF7D22F82C0}.Release|x64.Build.0 = Release|x64
		{BBCB1ACC-0EDD-4B55-8236-2DF7D22F82C0}.Release|x86.ActiveCfg = Release|Win32
		{BBCB1ACC-0EDD-4B55-8236-2DF7D22F82C0}.Release|x86.Build.0 = Release|Win32
		{BBCB1ACC-0EDD-4B55-8236-2DF7D22F82C0}.Test|x64.ActiveCfg = Debug|x64
		{BBCB1ACC-0EDD-4B55-8236-2DF7D22F82C0}.Test|x64.Build.0 = Debug|x64
		{BBCB1ACC-0EDD-4B55-8236-2DF7D22F82C0}.Test|x86.ActiveCfg = Debug|Win32
		{BBCB1ACC-0EDD-4B55-8236-2DF7D22F82C0}.Test|x86.Build.0 = Debug|Win32
	EndGlobalSection
	GlobalSection(SolutionProperties) = preSolution
		HideSolutionNode = FALSE
	EndGlobalSection
	GlobalSection(ExtensibilityGlobals) = postSolution
		SolutionGuid = {668B9935-B7E1-4B19-9ADA-4F9B8C468086}
	EndGlobalSection
EndGlobal
